<?xml version="1.0" encoding="utf-8"?>
<Project ToolsVersion="4.0" xmlns="http://schemas.microsoft.com/developer/msbuild/2003">
  <ItemGroup>
    <Filter Include="Resource Files">
      <UniqueIdentifier>{67DA6AB6-F800-4c08-8B7A-83BB121AAD01}</UniqueIdentifier>
      <Extensions>rc;ico;cur;bmp;dlg;rc2;rct;bin;rgs;gif;jpg;jpeg;jpe;resx;tiff;tif;png;wav;mfcribbon-ms</Extensions>
    </Filter>
    <Filter Include="applications">
      <UniqueIdentifier>{2832a56b-f37a-4e1d-bfd1-9dc00deb1a05}</UniqueIdentifier>
    </Filter>
    <Filter Include="dependencies">
      <UniqueIdentifier>{ffaa8e79-59d2-43b4-92fe-bc1dc3bb6c14}</UniqueIdentifier>
    </Filter>
    <Filter Include="dependencies\OpenGL">
      <UniqueIdentifier>{8f48e650-26e5-4a1a-a1d0-6cbd87b6a76e}</UniqueIdentifier>
    </Filter>
    <Filter Include="shaders">
      <UniqueIdentifier>{ba3204b3-f3c6-454e-91cb-c87c07424cc6}</UniqueIdentifier>
    </Filter>
  </ItemGroup>
  <ItemGroup>
    <ClCompile Include="sourcecode\log.cpp" />
    <ClCompile Include="sourcecode\WinMain.cpp" />
    <ClCompile Include="sourcecode\timer.cpp" />
    <ClCompile Include="sourcecode\applicationBase.cpp" />
    <ClCompile Include="sourcecode\applicationManager.cpp" />
    <ClCompile Include="sourcecode\PCH.cpp" />
    <ClCompile Include="sourcecode\applicationDevelopment.cpp">
      <Filter>applications</Filter>
    </ClCompile>
    <ClCompile Include="sourcecode\applicationGame.cpp">
      <Filter>applications</Filter>
    </ClCompile>
    <ClCompile Include="sourcecode\window.cpp" />
    <ClCompile Include="sourcecode\utilities.cpp" />
    <ClCompile Include="sourcecode\audioManager.cpp" />
    <ClCompile Include="sourcecode\geometry.cpp" />
    <ClCompile Include="sourcecode\textures.cpp" />
    <ClCompile Include="sourcecode\renderQueue.cpp" />
    <ClCompile Include="sourcecode\input.cpp" />
    <ClCompile Include="sourcecode\inputJoystick.cpp" />
    <ClCompile Include="sourcecode\inputKeyboard.cpp" />
    <ClCompile Include="sourcecode\inputMouse.cpp" />
    <ClCompile Include="sourcecode\openGLExtensions.cpp" />
    <ClCompile Include="sourcecode\image.cpp" />
    <ClCompile Include="sourcecode\vertexBuffer.cpp" />
    <ClCompile Include="sourcecode\shaders.cpp" />
  </ItemGroup>
  <ItemGroup>
    <None Include="README.md" />
    <None Include="shaders\default.fs">
      <Filter>shaders</Filter>
    </None>
    <None Include="shaders\default.vs">
      <Filter>shaders</Filter>
    </None>
  </ItemGroup>
  <ItemGroup>
    <ClInclude Include="sourcecode\log.h" />
    <ClInclude Include="sourcecode\singleton.h" />
    <ClInclude Include="sourcecode\timer.h" />
    <ClInclude Include="sourcecode\utilities.h" />
    <ClInclude Include="sourcecode\applicationBase.h" />
    <ClInclude Include="sourcecode\applicationManager.h" />
    <ClInclude Include="sourcecode\PCH.h" />
    <ClInclude Include="sourcecode\applicationDevelopment.h">
      <Filter>applications</Filter>
    </ClInclude>
    <ClInclude Include="sourcecode\applicationGame.h">
      <Filter>applications</Filter>
    </ClInclude>
    <ClInclude Include="sourcecode\window.h" />
    <ClInclude Include="sourcecode\audioManager.h" />
    <ClInclude Include="sourcecode\geometry.h" />
    <ClInclude Include="sourcecode\textures.h" />
    <ClInclude Include="sourcecode\renderQueue.h" />
    <ClInclude Include="sourcecode\input.h" />
    <ClInclude Include="sourcecode\inputJoystick.h" />
    <ClInclude Include="sourcecode\inputKeyboard.h" />
    <ClInclude Include="sourcecode\inputMouse.h" />
    <ClInclude Include="dependencies\OpenGL\glcorearb.h">
      <Filter>dependencies\OpenGL</Filter>
    </ClInclude>
    <ClInclude Include="dependencies\OpenGL\glext.h">
      <Filter>dependencies\OpenGL</Filter>
    </ClInclude>
    <ClInclude Include="dependencies\OpenGL\khrplatform.h">
      <Filter>dependencies\OpenGL</Filter>
    </ClInclude>
    <ClInclude Include="dependencies\OpenGL\wgl.h">
      <Filter>dependencies\OpenGL</Filter>
    </ClInclude>
    <ClInclude Include="dependencies\OpenGL\wglext.h">
      <Filter>dependencies\OpenGL</Filter>
    </ClInclude>
    <ClInclude Include="sourcecode\openGLExtensions.h" />
    <ClInclude Include="sourcecode\image.h" />
    <ClInclude Include="dependencies\stb_image.h">
      <Filter>dependencies</Filter>
    </ClInclude>
    <ClInclude Include="dependencies\stb_image_write.h">
      <Filter>dependencies</Filter>
    </ClInclude>
    <ClInclude Include="sourcecode\vertexBuffer.h" />
    <ClInclude Include="sourcecode\shaders.h" />
  </ItemGroup>
</Project>