<?xml version="1.0" encoding="utf-8"?>
<Project ToolsVersion="4.0" xmlns="http://schemas.microsoft.com/developer/msbuild/2003">
  <ItemGroup>
    <ClCompile Include="application.cpp" />
    <ClCompile Include="WinMain.cpp" />
    <ClCompile Include="PCH.cpp" />
    <ClCompile Include="state0.cpp" />
    <ClCompile Include="state1.cpp" />
    <ClCompile Include="state2.cpp" />
    <ClCompile Include="state3.cpp" />
  </ItemGroup>
  <ItemGroup>
    <ClInclude Include="application.h" />
    <ClInclude Include="resource.h">
      <Filter>Resource Files</Filter>
    </ClInclude>
    <ClInclude Include="PCH.h" />
    <ClInclude Include="state0.h" />
    <ClInclude Include="state1.h" />
    <ClInclude Include="state2.h" />
    <ClInclude Include="state3.h" />
  </ItemGroup>
  <ItemGroup>
    <Filter Include="Resource Files">
      <UniqueIdentifier>{8e9222b9-a20e-4c56-b727-5b1e23d234b2}</UniqueIdentifier>
    </Filter>
  </ItemGroup>
  <ItemGroup>
    <ResourceCompile Include="resource.rc">
      <Filter>Resource Files</Filter>
    </ResourceCompile>
  </ItemGroup>
  <ItemGroup>
    <Image Include="..\..\..\icons\icon.ico">
      <Filter>Resource Files</Filter>
    </Image>
  </ItemGroup>
</Project>